
Microsoft Visual Studio Solution File, Format Version 12.00
# Visual Studio Version 17
VisualStudioVersion = 17.4.33213.308
MinimumVisualStudioVersion = 10.0.40219.1
Project("{FAE04EC0-301F-11D3-BF4B-00C04F79EFBC}") = "ImageGen", "ImageGen\ImageGen.csproj", "{A654E67A-A9E9-4AF7-A009-54E35A4A640E}"
EndProject
Project("{FAE04EC0-301F-11D3-BF4B-00C04F79EFBC}") = "ControllerAPI", "ControllerAPI\ControllerAPI.csproj", "{5BFEBF59-6F65-4D34-AA07-BB30626A7253}"
EndProject
Project("{FAE04EC0-301F-11D3-BF4B-00C04F79EFBC}") = "UnitTests", "UnitTests\UnitTests.csproj", "{39D562CF-3261-4A30-99E9-12FB8DCC511D}"
EndProject
Global
	GlobalSection(SolutionConfigurationPlatforms) = preSolution
		Debug|Any CPU = Debug|Any CPU
		Release|Any CPU = Release|Any CPU
	EndGlobalSection
	GlobalSection(ProjectConfigurationPlatforms) = postSolution
		{A654E67A-A9E9-4AF7-A009-54E35A4A640E}.Debug|Any CPU.ActiveCfg = Debug|Any CPU
		{A654E67A-A9E9-4AF7-A009-54E35A4A640E}.Debug|Any CPU.Build.0 = Debug|Any CPU
		{A654E67A-A9E9-4AF7-A009-54E35A4A640E}.Release|Any CPU.ActiveCfg = Release|Any CPU
		{A654E67A-A9E9-4AF7-A009-54E35A4A640E}.Release|Any CPU.Build.0 = Release|Any CPU
		{5BFEBF59-6F65-4D34-AA07-BB30626A7253}.Debug|Any CPU.ActiveCfg = Debug|Any CPU
		{5BFEBF59-6F65-4D34-AA07-BB30626A7253}.Debug|Any CPU.Build.0 = Debug|Any CPU
		{5BFEBF59-6F65-4D34-AA07-BB30626A7253}.Release|Any CPU.ActiveCfg = Release|Any CPU
		{5BFEBF59-6F65-4D34-AA07-BB30626A7253}.Release|Any CPU.Build.0 = Release|Any CPU
		{39D562CF-3261-4A30-99E9-12FB8DCC511D}.Debug|Any CPU.ActiveCfg = Debug|Any CPU
		{39D562CF-3261-4A30-99E9-12FB8DCC511D}.Debug|Any CPU.Build.0 = Debug|Any CPU
		{39D562CF-3261-4A30-99E9-12FB8DCC511D}.Release|Any CPU.ActiveCfg = Release|Any CPU
		{39D562CF-3261-4A30-99E9-12FB8DCC511D}.Release|Any CPU.Build.0 = Release|Any CPU
	EndGlobalSection
	GlobalSection(SolutionProperties) = preSolution
		HideSolutionNode = FALSE
	EndGlobalSection
	GlobalSection(ExtensibilityGlobals) = postSolution
		SolutionGuid = {30CCD51E-F8D8-4F40-A151-FFF8E24D2A78}
	EndGlobalSection
EndGlobal
